
Microsoft Visual Studio Solution File, Format Version 12.00
# Visual Studio 15
VisualStudioVersion = 15.0.27130.2027
MinimumVisualStudioVersion = 10.0.40219.1
Project("{9A19103F-16F7-4668-BE54-9A1E7A4F7556}") = "PMDEvers.Servicebus", "src\pmdevers.servicebus\PMDEvers.Servicebus.csproj", "{0489A2E0-779A-4EAF-BF29-389F14F6013F}"
EndProject
Project("{2150E333-8FDC-42A3-9474-1A3956D46DE8}") = "test", "test", "{32AC874F-7E80-4116-BD50-25627D326487}"
EndProject
Project("{9A19103F-16F7-4668-BE54-9A1E7A4F7556}") = "PMDEvers.Servicebus.Test", "test\pmdevers.servicebus.test\PMDEvers.Servicebus.Test.csproj", "{A65AF0F0-DF8E-4FF5-A778-3DED6BABF2B8}"
EndProject
Global
	GlobalSection(SolutionConfigurationPlatforms) = preSolution
		Debug|Any CPU = Debug|Any CPU
		Release|Any CPU = Release|Any CPU
	EndGlobalSection
	GlobalSection(ProjectConfigurationPlatforms) = postSolution
		{0489A2E0-779A-4EAF-BF29-389F14F6013F}.Debug|Any CPU.ActiveCfg = Debug|Any CPU
		{0489A2E0-779A-4EAF-BF29-389F14F6013F}.Debug|Any CPU.Build.0 = Debug|Any CPU
		{0489A2E0-779A-4EAF-BF29-389F14F6013F}.Release|Any CPU.ActiveCfg = Release|Any CPU
		{0489A2E0-779A-4EAF-BF29-389F14F6013F}.Release|Any CPU.Build.0 = Release|Any CPU
		{A65AF0F0-DF8E-4FF5-A778-3DED6BABF2B8}.Debug|Any CPU.ActiveCfg = Debug|Any CPU
		{A65AF0F0-DF8E-4FF5-A778-3DED6BABF2B8}.Debug|Any CPU.Build.0 = Debug|Any CPU
		{A65AF0F0-DF8E-4FF5-A778-3DED6BABF2B8}.Release|Any CPU.ActiveCfg = Release|Any CPU
		{A65AF0F0-DF8E-4FF5-A778-3DED6BABF2B8}.Release|Any CPU.Build.0 = Release|Any CPU
	EndGlobalSection
	GlobalSection(SolutionProperties) = preSolution
		HideSolutionNode = FALSE
	EndGlobalSection
	GlobalSection(NestedProjects) = preSolution
		{A65AF0F0-DF8E-4FF5-A778-3DED6BABF2B8} = {32AC874F-7E80-4116-BD50-25627D326487}
	EndGlobalSection
	GlobalSection(ExtensibilityGlobals) = postSolution
		SolutionGuid = {6A02FD11-C7AB-4A13-8891-A2335E54028D}
	EndGlobalSection
EndGlobal
