
Microsoft Visual Studio Solution File, Format Version 12.00
# Visual Studio Version 16
VisualStudioVersion = 16.0.29102.190
MinimumVisualStudioVersion = 10.0.40219.1
Project("{9A19103F-16F7-4668-BE54-9A1E7A4F7556}") = "PMDEvers.Servicebus", "src\pmdevers.servicebus\PMDEvers.Servicebus.csproj", "{0489A2E0-779A-4EAF-BF29-389F14F6013F}"
EndProject
Project("{2150E333-8FDC-42A3-9474-1A3956D46DE8}") = "tests", "tests", "{32AC874F-7E80-4116-BD50-25627D326487}"
EndProject
Project("{2150E333-8FDC-42A3-9474-1A3956D46DE8}") = "build", "build", "{B6303CD3-7F5A-45C3-9208-22AC47B68793}"
	ProjectSection(SolutionItems) = preProject
		.gitignore = .gitignore
		.travis.yml = .travis.yml
		build.sh = build.sh
		LICENSE = LICENSE
	EndProjectSection
EndProject
Project("{2150E333-8FDC-42A3-9474-1A3956D46DE8}") = "src", "src", "{21C80CB5-88DB-45FE-9BD5-392C43F60E89}"
EndProject
Project("{2150E333-8FDC-42A3-9474-1A3956D46DE8}") = "scripts", "scripts", "{2C12AE0C-43CC-4624-A416-9C346DA673F4}"
	ProjectSection(SolutionItems) = preProject
		scripts\push-to-nuget.sh = scripts\push-to-nuget.sh
		scripts\set-build-version.sh = scripts\set-build-version.sh
	EndProjectSection
EndProject
Project("{FAE04EC0-301F-11D3-BF4B-00C04F79EFBC}") = "PMDEvers.Servicebus.Tests", "tests\PMDEvers.Servicebus.Tests\PMDEvers.Servicebus.Tests.csproj", "{DD5FE3BE-D201-4ED6-A5DB-229C59BD33B5}"
EndProject
Global
	GlobalSection(SolutionConfigurationPlatforms) = preSolution
		Debug|Any CPU = Debug|Any CPU
		Release|Any CPU = Release|Any CPU
	EndGlobalSection
	GlobalSection(ProjectConfigurationPlatforms) = postSolution
		{0489A2E0-779A-4EAF-BF29-389F14F6013F}.Debug|Any CPU.ActiveCfg = Debug|Any CPU
		{0489A2E0-779A-4EAF-BF29-389F14F6013F}.Debug|Any CPU.Build.0 = Debug|Any CPU
		{0489A2E0-779A-4EAF-BF29-389F14F6013F}.Release|Any CPU.ActiveCfg = Release|Any CPU
		{0489A2E0-779A-4EAF-BF29-389F14F6013F}.Release|Any CPU.Build.0 = Release|Any CPU
		{DD5FE3BE-D201-4ED6-A5DB-229C59BD33B5}.Debug|Any CPU.ActiveCfg = Debug|Any CPU
		{DD5FE3BE-D201-4ED6-A5DB-229C59BD33B5}.Debug|Any CPU.Build.0 = Debug|Any CPU
		{DD5FE3BE-D201-4ED6-A5DB-229C59BD33B5}.Release|Any CPU.ActiveCfg = Release|Any CPU
		{DD5FE3BE-D201-4ED6-A5DB-229C59BD33B5}.Release|Any CPU.Build.0 = Release|Any CPU
	EndGlobalSection
	GlobalSection(SolutionProperties) = preSolution
		HideSolutionNode = FALSE
	EndGlobalSection
	GlobalSection(NestedProjects) = preSolution
		{0489A2E0-779A-4EAF-BF29-389F14F6013F} = {21C80CB5-88DB-45FE-9BD5-392C43F60E89}
		{DD5FE3BE-D201-4ED6-A5DB-229C59BD33B5} = {32AC874F-7E80-4116-BD50-25627D326487}
	EndGlobalSection
	GlobalSection(ExtensibilityGlobals) = postSolution
		SolutionGuid = {6A02FD11-C7AB-4A13-8891-A2335E54028D}
	EndGlobalSection
EndGlobal
